// !$*UTF8*$!
{
	archiveVersion = 1;
	classes = {
	};
	objectVersion = 56;
	objects = {

/* Begin PBXBuildFile section */
		4BDEE2172CB182EE005D5C40 /* DigitalBuddyApp.swift in Sources */ = {isa = PBXBuildFile; fileRef = 4BDEE2162CB182EE005D5C40 /* DigitalBuddyApp.swift */; };
		4BDEE2192CB182EE005D5C40 /* ContentView.swift in Sources */ = {isa = PBXBuildFile; fileRef = 4BDEE2182CB182EE005D5C40 /* ContentView.swift */; };
		4BDEE21B2CB18300005D5C40 /* Assets.xcassets in Resources */ = {isa = PBXBuildFile; fileRef = 4BDEE21A2CB18300005D5C40 /* Assets.xcassets */; };
		4BDEE21E2CB18300005D5C40 /* Preview Assets.xcassets in Resources */ = {isa = PBXBuildFile; fileRef = 4BDEE21D2CB18300005D5C40 /* Preview Assets.xcassets */; };
		4BDEE2282CB18300005D5C40 /* DigitalBuddyTests.swift in Sources */ = {isa = PBXBuildFile; fileRef = 4BDEE2272CB18300005D5C40 /* DigitalBuddyTests.swift */; };
		4BDEE2322CB18300005D5C40 /* DigitalBuddyUITests.swift in Sources */ = {isa = PBXBuildFile; fileRef = 4BDEE2312CB18300005D5C40 /* DigitalBuddyUITests.swift */; };
		4BDEE2342CB18300005D5C40 /* DigitalBuddyUITestsLaunchTests.swift in Sources */ = {isa = PBXBuildFile; fileRef = 4BDEE2332CB18300005D5C40 /* DigitalBuddyUITestsLaunchTests.swift */; };
/* End PBXBuildFile section */

/* Begin PBXContainerItemProxy section */
		4BDEE2242CB18300005D5C40 /* PBXContainerItemProxy */ = {
			isa = PBXContainerItemProxy;
			containerPortal = 4BDEE20B2CB182EE005D5C40 /* Project object */;
			proxyType = 1;
			remoteGlobalIDString = 4BDEE2122CB182EE005D5C40;
			remoteInfo = DigitalBuddy;
		};
		4BDEE22E2CB18300005D5C40 /* PBXContainerItemProxy */ = {
			isa = PBXContainerItemProxy;
			containerPortal = 4BDEE20B2CB182EE005D5C40 /* Project object */;
			proxyType = 1;
			remoteGlobalIDString = 4BDEE2122CB182EE005D5C40;
			remoteInfo = DigitalBuddy;
		};
/* End PBXContainerItemProxy section */

/* Begin PBXFileReference section */
		4BDEE2132CB182EE005D5C40 /* DigitalBuddy.app */ = {isa = PBXFileReference; explicitFileType = wrapper.application; includeInIndex = 0; path = DigitalBuddy.app; sourceTree = BUILT_PRODUCTS_DIR; };
		4BDEE2162CB182EE005D5C40 /* DigitalBuddyApp.swift */ = {isa = PBXFileReference; lastKnownFileType = sourcecode.swift; path = DigitalBuddyApp.swift; sourceTree = "<group>"; };
		4BDEE2182CB182EE005D5C40 /* ContentView.swift */ = {isa = PBXFileReference; lastKnownFileType = sourcecode.swift; path = ContentView.swift; sourceTree = "<group>"; };
		4BDEE21A2CB18300005D5C40 /* Assets.xcassets */ = {isa = PBXFileReference; lastKnownFileType = folder.assetcatalog; path = Assets.xcassets; sourceTree = "<group>"; };
		4BDEE21D2CB18300005D5C40 /* Preview Assets.xcassets */ = {isa = PBXFileReference; lastKnownFileType = folder.assetcatalog; path = "Preview Assets.xcassets"; sourceTree = "<group>"; };
		4BDEE2232CB18300005D5C40 /* DigitalBuddyTests.xctest */ = {isa = PBXFileReference; explicitFileType = wrapper.cfbundle; includeInIndex = 0; path = DigitalBuddyTests.xctest; sourceTree = BUILT_PRODUCTS_DIR; };
		4BDEE2272CB18300005D5C40 /* DigitalBuddyTests.swift */ = {isa = PBXFileReference; lastKnownFileType = sourcecode.swift; path = DigitalBuddyTests.swift; sourceTree = "<group>"; };
		4BDEE22D2CB18300005D5C40 /* DigitalBuddyUITests.xctest */ = {isa = PBXFileReference; explicitFileType = wrapper.cfbundle; includeInIndex = 0; path = DigitalBuddyUITests.xctest; sourceTree = BUILT_PRODUCTS_DIR; };
		4BDEE2312CB18300005D5C40 /* DigitalBuddyUITests.swift */ = {isa = PBXFileReference; lastKnownFileType = sourcecode.swift; path = DigitalBuddyUITests.swift; sourceTree = "<group>"; };
		4BDEE2332CB18300005D5C40 /* DigitalBuddyUITestsLaunchTests.swift */ = {isa = PBXFileReference; lastKnownFileType = sourcecode.swift; path = DigitalBuddyUITestsLaunchTests.swift; sourceTree = "<group>"; };
/* End PBXFileReference section */

/* Begin PBXFrameworksBuildPhase section */
		4BDEE2102CB182EE005D5C40 /* Frameworks */ = {
			isa = PBXFrameworksBuildPhase;
			buildActionMask = 2147483647;
			files = (
			);
			runOnlyForDeploymentPostprocessing = 0;
		};
		4BDEE2202CB18300005D5C40 /* Frameworks */ = {
			isa = PBXFrameworksBuildPhase;
			buildActionMask = 2147483647;
			files = (
			);
			runOnlyForDeploymentPostprocessing = 0;
		};
		4BDEE22A2CB18300005D5C40 /* Frameworks */ = {
			isa = PBXFrameworksBuildPhase;
			buildActionMask = 2147483647;
			files = (
			);
			runOnlyForDeploymentPostprocessing = 0;
		};
/* End PBXFrameworksBuildPhase section */

/* Begin PBXGroup section */
		4BDEE20A2CB182EE005D5C40 = {
			isa = PBXGroup;
			children = (
				4BDEE2152CB182EE005D5C40 /* DigitalBuddy */,
				4BDEE2262CB18300005D5C40 /* DigitalBuddyTests */,
				4BDEE2302CB18300005D5C40 /* DigitalBuddyUITests */,
				4BDEE2142CB182EE005D5C40 /* Products */,
			);
			sourceTree = "<group>";
		};
		4BDEE2142CB182EE005D5C40 /* Products */ = {
			isa = PBXGroup;
			children = (
				4BDEE2132CB182EE005D5C40 /* DigitalBuddy.app */,
				4BDEE2232CB18300005D5C40 /* DigitalBuddyTests.xctest */,
				4BDEE22D2CB18300005D5C40 /* DigitalBuddyUITests.xctest */,
			);
			name = Products;
			sourceTree = "<group>";
		};
		4BDEE2152CB182EE005D5C40 /* DigitalBuddy */ = {
			isa = PBXGroup;
			children = (
				4BDEE2162CB182EE005D5C40 /* DigitalBuddyApp.swift */,
				4BDEE2182CB182EE005D5C40 /* ContentView.swift */,
				4BDEE21A2CB18300005D5C40 /* Assets.xcassets */,
				4BDEE21C2CB18300005D5C40 /* Preview Content */,
			);
			path = DigitalBuddy;
			sourceTree = "<group>";
		};
		4BDEE21C2CB18300005D5C40 /* Preview Content */ = {
			isa = PBXGroup;
			children = (
				4BDEE21D2CB18300005D5C40 /* Preview Assets.xcassets */,
			);
			path = "Preview Content";
			sourceTree = "<group>";
		};
		4BDEE2262CB18300005D5C40 /* DigitalBuddyTests */ = {
			isa = PBXGroup;
			children = (
				4BDEE2272CB18300005D5C40 /* DigitalBuddyTests.swift */,
			);
			path = DigitalBuddyTests;
			sourceTree = "<group>";
		};
		4BDEE2302CB18300005D5C40 /* DigitalBuddyUITests */ = {
			isa = PBXGroup;
			children = (
				4BDEE2312CB18300005D5C40 /* DigitalBuddyUITests.swift */,
				4BDEE2332CB18300005D5C40 /* DigitalBuddyUITestsLaunchTests.swift */,
			);
			path = DigitalBuddyUITests;
			sourceTree = "<group>";
		};
/* End PBXGroup section */

/* Begin PBXNativeTarget section */
		4BDEE2122CB182EE005D5C40 /* DigitalBuddy */ = {
			isa = PBXNativeTarget;
			buildConfigurationList = 4BDEE2372CB18300005D5C40 /* Build configuration list for PBXNativeTarget "DigitalBuddy" */;
			buildPhases = (
				4BDEE20F2CB182EE005D5C40 /* Sources */,
				4BDEE2102CB182EE005D5C40 /* Frameworks */,
				4BDEE2112CB182EE005D5C40 /* Resources */,
			);
			buildRules = (
			);
			dependencies = (
			);
			name = DigitalBuddy;
			productName = DigitalBuddy;
			productReference = 4BDEE2132CB182EE005D5C40 /* DigitalBuddy.app */;
			productType = "com.apple.product-type.application";
		};
		4BDEE2222CB18300005D5C40 /* DigitalBuddyTests */ = {
			isa = PBXNativeTarget;
			buildConfigurationList = 4BDEE23A2CB18300005D5C40 /* Build configuration list for PBXNativeTarget "DigitalBuddyTests" */;
			buildPhases = (
				4BDEE21F2CB18300005D5C40 /* Sources */,
				4BDEE2202CB18300005D5C40 /* Frameworks */,
				4BDEE2212CB18300005D5C40 /* Resources */,
			);
			buildRules = (
			);
			dependencies = (
				4BDEE2252CB18300005D5C40 /* PBXTargetDependency */,
			);
			name = DigitalBuddyTests;
			productName = DigitalBuddyTests;
			productReference = 4BDEE2232CB18300005D5C40 /* DigitalBuddyTests.xctest */;
			productType = "com.apple.product-type.bundle.unit-test";
		};
		4BDEE22C2CB18300005D5C40 /* DigitalBuddyUITests */ = {
			isa = PBXNativeTarget;
			buildConfigurationList = 4BDEE23D2CB18300005D5C40 /* Build configuration list for PBXNativeTarget "DigitalBuddyUITests" */;
			buildPhases = (
				4BDEE2292CB18300005D5C40 /* Sources */,
				4BDEE22A2CB18300005D5C40 /* Frameworks */,
				4BDEE22B2CB18300005D5C40 /* Resources */,
			);
			buildRules = (
			);
			dependencies = (
				4BDEE22F2CB18300005D5C40 /* PBXTargetDependency */,
			);
			name = DigitalBuddyUITests;
			productName = DigitalBuddyUITests;
			productReference = 4BDEE22D2CB18300005D5C40 /* DigitalBuddyUITests.xctest */;
			productType = "com.apple.product-type.bundle.ui-testing";
		};
/* End PBXNativeTarget section */

/* Begin PBXProject section */
		4BDEE20B2CB182EE005D5C40 /* Project object */ = {
			isa = PBXProject;
			attributes = {
				BuildIndependentTargetsInParallel = 1;
				LastSwiftUpdateCheck = 1500;
				LastUpgradeCheck = 1500;
				TargetAttributes = {
					4BDEE2122CB182EE005D5C40 = {
						CreatedOnToolsVersion = 15.0.1;
					};
					4BDEE2222CB18300005D5C40 = {
						CreatedOnToolsVersion = 15.0.1;
						TestTargetID = 4BDEE2122CB182EE005D5C40;
					};
					4BDEE22C2CB18300005D5C40 = {
						CreatedOnToolsVersion = 15.0.1;
						TestTargetID = 4BDEE2122CB182EE005D5C40;
					};
				};
			};
			buildConfigurationList = 4BDEE20E2CB182EE005D5C40 /* Build configuration list for PBXProject "DigitalBuddy" */;
			compatibilityVersion = "Xcode 14.0";
			developmentRegion = en;
			hasScannedForEncodings = 0;
			knownRegions = (
				en,
				Base,
			);
			mainGroup = 4BDEE20A2CB182EE005D5C40;
			productRefGroup = 4BDEE2142CB182EE005D5C40 /* Products */;
			projectDirPath = "";
			projectRoot = "";
			targets = (
				4BDEE2122CB182EE005D5C40 /* DigitalBuddy */,
				4BDEE2222CB18300005D5C40 /* DigitalBuddyTests */,
				4BDEE22C2CB18300005D5C40 /* DigitalBuddyUITests */,
			);
		};
/* End PBXProject section */

/* Begin PBXResourcesBuildPhase section */
		4BDEE2112CB182EE005D5C40 /* Resources */ = {
			isa = PBXResourcesBuildPhase;
			buildActionMask = 2147483647;
			files = (
				4BDEE21E2CB18300005D5C40 /* Preview Assets.xcassets in Resources */,
				4BDEE21B2CB18300005D5C40 /* Assets.xcassets in Resources */,
			);
			runOnlyForDeploymentPostprocessing = 0;
		};
		4BDEE2212CB18300005D5C40 /* Resources */ = {
			isa = PBXResourcesBuildPhase;
			buildActionMask = 2147483647;
			files = (
			);
			runOnlyForDeploymentPostprocessing = 0;
		};
		4BDEE22B2CB18300005D5C40 /* Resources */ = {
			isa = PBXResourcesBuildPhase;
			buildActionMask = 2147483647;
			files = (
			);
			runOnlyForDeploymentPostprocessing = 0;
		};
/* End PBXResourcesBuildPhase section */

/* Begin PBXSourcesBuildPhase section */
		4BDEE20F2CB182EE005D5C40 /* Sources */ = {
			isa = PBXSourcesBuildPhase;
			buildActionMask = 2147483647;
			files = (
				4BDEE2192CB182EE005D5C40 /* ContentView.swift in Sources */,
				4BDEE2172CB182EE005D5C40 /* DigitalBuddyApp.swift in Sources */,
			);
			runOnlyForDeploymentPostprocessing = 0;
		};
		4BDEE21F2CB18300005D5C40 /* Sources */ = {
			isa = PBXSourcesBuildPhase;
			buildActionMask = 2147483647;
			files = (
				4BDEE2282CB18300005D5C40 /* DigitalBuddyTests.swift in Sources */,
			);
			runOnlyForDeploymentPostprocessing = 0;
		};
		4BDEE2292CB18300005D5C40 /* Sources */ = {
			isa = PBXSourcesBuildPhase;
			buildActionMask = 2147483647;
			files = (
				4BDEE2342CB18300005D5C40 /* DigitalBuddyUITestsLaunchTests.swift in Sources */,
				4BDEE2322CB18300005D5C40 /* DigitalBuddyUITests.swift in Sources */,
			);
			runOnlyForDeploymentPostprocessing = 0;
		};
/* End PBXSourcesBuildPhase section */

/* Begin PBXTargetDependency section */
		4BDEE2252CB18300005D5C40 /* PBXTargetDependency */ = {
			isa = PBXTargetDependency;
			target = 4BDEE2122CB182EE005D5C40 /* DigitalBuddy */;
			targetProxy = 4BDEE2242CB18300005D5C40 /* PBXContainerItemProxy */;
		};
		4BDEE22F2CB18300005D5C40 /* PBXTargetDependency */ = {
			isa = PBXTargetDependency;
			target = 4BDEE2122CB182EE005D5C40 /* DigitalBuddy */;
			targetProxy = 4BDEE22E2CB18300005D5C40 /* PBXContainerItemProxy */;
		};
/* End PBXTargetDependency section */

/* Begin XCBuildConfiguration section */
		4BDEE2352CB18300005D5C40 /* Debug */ = {
			isa = XCBuildConfiguration;
			buildSettings = {
				ALWAYS_SEARCH_USER_PATHS = NO;
				ASSETCATALOG_COMPILER_GENERATE_SWIFT_ASSET_SYMBOL_EXTENSIONS = YES;
				CLANG_ANALYZER_NONNULL = YES;
				CLANG_ANALYZER_NUMBER_OBJECT_CONVERSION = YES_AGGRESSIVE;
				CLANG_CXX_LANGUAGE_STANDARD = "gnu++20";
				CLANG_ENABLE_MODULES = YES;
				CLANG_ENABLE_OBJC_ARC = YES;
				CLANG_ENABLE_OBJC_WEAK = YES;
				CLANG_WARN_BLOCK_CAPTURE_AUTORELEASING = YES;
				CLANG_WARN_BOOL_CONVERSION = YES;
				CLANG_WARN_COMMA = YES;
				CLANG_WARN_CONSTANT_CONVERSION = YES;
				CLANG_WARN_DEPRECATED_OBJC_IMPLEMENTATIONS = YES;
				CLANG_WARN_DIRECT_OBJC_ISA_USAGE = YES_ERROR;
				CLANG_WARN_DOCUMENTATION_COMMENTS = YES;
				CLANG_WARN_EMPTY_BODY = YES;
				CLANG_WARN_ENUM_CONVERSION = YES;
				CLANG_WARN_INFINITE_RECURSION = YES;
				CLANG_WARN_INT_CONVERSION = YES;
				CLANG_WARN_NON_LITERAL_NULL_CONVERSION = YES;
				CLANG_WARN_OBJC_IMPLICIT_RETAIN_SELF = YES;
				CLANG_WARN_OBJC_LITERAL_CONVERSION = YES;
				CLANG_WARN_OBJC_ROOT_CLASS = YES_ERROR;
				CLANG_WARN_QUOTED_INCLUDE_IN_FRAMEWORK_HEADER = YES;
				CLANG_WARN_RANGE_LOOP_ANALYSIS = YES;
				CLANG_WARN_STRICT_PROTOTYPES = YES;
				CLANG_WARN_SUSPICIOUS_MOVE = YES;
				CLANG_WARN_UNGUARDED_AVAILABILITY = YES_AGGRESSIVE;
				CLANG_WARN_UNREACHABLE_CODE = YES;
				CLANG_WARN__DUPLICATE_METHOD_MATCH = YES;
				COPY_PHASE_STRIP = NO;
				DEBUG_INFORMATION_FORMAT = dwarf;
				ENABLE_STRICT_OBJC_MSGSEND = YES;
				ENABLE_TESTABILITY = YES;
				ENABLE_USER_SCRIPT_SANDBOXING = YES;
				GCC_C_LANGUAGE_STANDARD = gnu17;
				GCC_DYNAMIC_NO_PIC = NO;
				GCC_NO_COMMON_BLOCKS = YES;
				GCC_OPTIMIZATION_LEVEL = 0;
				GCC_PREPROCESSOR_DEFINITIONS = (
					"DEBUG=1",
					"$(inherited)",
				);
				GCC_WARN_64_TO_32_BIT_CONVERSION = YES;
				GCC_WARN_ABOUT_RETURN_TYPE = YES_ERROR;
				GCC_WARN_UNDECLARED_SELECTOR = YES;
				GCC_WARN_UNINITIALIZED_AUTOS = YES_AGGRESSIVE;
				GCC_WARN_UNUSED_FUNCTION = YES;
				GCC_WARN_UNUSED_VARIABLE = YES;
				IPHONEOS_DEPLOYMENT_TARGET = 17.0;
				LOCALIZATION_PREFERS_STRING_CATALOGS = YES;
				MTL_ENABLE_DEBUG_INFO = INCLUDE_SOURCE;
				MTL_FAST_MATH = YES;
				ONLY_ACTIVE_ARCH = YES;
				SDKROOT = iphoneos;
				SWIFT_ACTIVE_COMPILATION_CONDITIONS = "DEBUG $(inherited)";
				SWIFT_OPTIMIZATION_LEVEL = "-Onone";
			};
			name = Debug;
		};
		4BDEE2362CB18300005D5C40 /* Release */ = {
			isa = XCBuildConfiguration;
			buildSettings = {
				ALWAYS_SEARCH_USER_PATHS = NO;
				ASSETCATALOG_COMPILER_GENERATE_SWIFT_ASSET_SYMBOL_EXTENSIONS = YES;
				CLANG_ANALYZER_NONNULL = YES;
				CLANG_ANALYZER_NUMBER_OBJECT_CONVERSION = YES_AGGRESSIVE;
				CLANG_CXX_LANGUAGE_STANDARD = "gnu++20";
				CLANG_ENABLE_MODULES = YES;
				CLANG_ENABLE_OBJC_ARC = YES;
				CLANG_ENABLE_OBJC_WEAK = YES;
				CLANG_WARN_BLOCK_CAPTURE_AUTORELEASING = YES;
				CLANG_WARN_BOOL_CONVERSION = YES;
				CLANG_WARN_COMMA = YES;
				CLANG_WARN_CONSTANT_CONVERSION = YES;
				CLANG_WARN_DEPRECATED_OBJC_IMPLEMENTATIONS = YES;
				CLANG_WARN_DIRECT_OBJC_ISA_USAGE = YES_ERROR;
				CLANG_WARN_DOCUMENTATION_COMMENTS = YES;
				CLANG_WARN_EMPTY_BODY = YES;
				CLANG_WARN_ENUM_CONVERSION = YES;
				CLANG_WARN_INFINITE_RECURSION = YES;
				CLANG_WARN_INT_CONVERSION = YES;
				CLANG_WARN_NON_LITERAL_NULL_CONVERSION = YES;
				CLANG_WARN_OBJC_IMPLICIT_RETAIN_SELF = YES;
				CLANG_WARN_OBJC_LITERAL_CONVERSION = YES;
				CLANG_WARN_OBJC_ROOT_CLASS = YES_ERROR;
				CLANG_WARN_QUOTED_INCLUDE_IN_FRAMEWORK_HEADER = YES;
				CLANG_WARN_RANGE_LOOP_ANALYSIS = YES;
				CLANG_WARN_STRICT_PROTOTYPES = YES;
				CLANG_WARN_SUSPICIOUS_MOVE = YES;
				CLANG_WARN_UNGUARDED_AVAILABILITY = YES_AGGRESSIVE;
				CLANG_WARN_UNREACHABLE_CODE = YES;
				CLANG_WARN__DUPLICATE_METHOD_MATCH = YES;
				COPY_PHASE_STRIP = NO;
				DEBUG_INFORMATION_FORMAT = "dwarf-with-dsym";
				ENABLE_NS_ASSERTIONS = NO;
				ENABLE_STRICT_OBJC_MSGSEND = YES;
				ENABLE_USER_SCRIPT_SANDBOXING = YES;
				GCC_C_LANGUAGE_STANDARD = gnu17;
				GCC_NO_COMMON_BLOCKS = YES;
				GCC_WARN_64_TO_32_BIT_CONVERSION = YES;
				GCC_WARN_ABOUT_RETURN_TYPE = YES_ERROR;
				GCC_WARN_UNDECLARED_SELECTOR = YES;
				GCC_WARN_UNINITIALIZED_AUTOS = YES_AGGRESSIVE;
				GCC_WARN_UNUSED_FUNCTION = YES;
				GCC_WARN_UNUSED_VARIABLE = YES;
				IPHONEOS_DEPLOYMENT_TARGET = 17.0;
				LOCALIZATION_PREFERS_STRING_CATALOGS = YES;
				MTL_ENABLE_DEBUG_INFO = NO;
				MTL_FAST_MATH = YES;
				SDKROOT = iphoneos;
				SWIFT_COMPILATION_MODE = wholemodule;
				VALIDATE_PRODUCT = YES;
			};
			name = Release;
		};
		4BDEE2382CB18300005D5C40 /* Debug */ = {
			isa = XCBuildConfiguration;
			buildSettings = {
				ASSETCATALOG_COMPILER_APPICON_NAME = AppIcon;
				ASSETCATALOG_COMPILER_GLOBAL_ACCENT_COLOR_NAME = AccentColor;
				CODE_SIGN_STYLE = Automatic;
				CURRENT_PROJECT_VERSION = 1;
				DEVELOPMENT_ASSET_PATHS = "\"DigitalBuddy/Preview Content\"";
				DEVELOPMENT_TEAM = UCRT826FT5;
				ENABLE_PREVIEWS = YES;
				GENERATE_INFOPLIST_FILE = YES;
				INFOPLIST_KEY_UIApplicationSceneManifest_Generation = YES;
				INFOPLIST_KEY_UIApplicationSupportsIndirectInputEvents = YES;
				INFOPLIST_KEY_UILaunchScreen_Generation = YES;
				INFOPLIST_KEY_UISupportedInterfaceOrientations_iPad = "UIInterfaceOrientationPortrait UIInterfaceOrientationPortraitUpsideDown UIInterfaceOrientationLandscapeLeft UIInterfaceOrientationLandscapeRight";
				INFOPLIST_KEY_UISupportedInterfaceOrientations_iPhone = "UIInterfaceOrientationPortrait UIInterfaceOrientationLandscapeLeft UIInterfaceOrientationLandscapeRight";
				LD_RUNPATH_SEARCH_PATHS = (
					"$(inherited)",
					"@executable_path/Frameworks",
				);
				MARKETING_VERSION = 1.0;
				PRODUCT_BUNDLE_IDENTIFIER = gab.personal.DigitalBuddy;
				PRODUCT_NAME = "$(TARGET_NAME)";
				SWIFT_EMIT_LOC_STRINGS = YES;
				SWIFT_VERSION = 5.0;
				TARGETED_DEVICE_FAMILY = "1,2";
			};
			name = Debug;
		};
		4BDEE2392CB18300005D5C40 /* Release */ = {
			isa = XCBuildConfiguration;
			buildSettings = {
				ASSETCATALOG_COMPILER_APPICON_NAME = AppIcon;
				ASSETCATALOG_COMPILER_GLOBAL_ACCENT_COLOR_NAME = AccentColor;
				CODE_SIGN_STYLE = Automatic;
				CURRENT_PROJECT_VERSION = 1;
				DEVELOPMENT_ASSET_PATHS = "\"DigitalBuddy/Preview Content\"";
				DEVELOPMENT_TEAM = UCRT826FT5;
				ENABLE_PREVIEWS = YES;
				GENERATE_INFOPLIST_FILE = YES;
				INFOPLIST_KEY_UIApplicationSceneManifest_Generation = YES;
				INFOPLIST_KEY_UIApplicationSupportsIndirectInputEvents = YES;
				INFOPLIST_KEY_UILaunchScreen_Generation = YES;
				INFOPLIST_KEY_UISupportedInterfaceOrientations_iPad = "UIInterfaceOrientationPortrait UIInterfaceOrientationPortraitUpsideDown UIInterfaceOrientationLandscapeLeft UIInterfaceOrientationLandscapeRight";
				INFOPLIST_KEY_UISupportedInterfaceOrientations_iPhone = "UIInterfaceOrientationPortrait UIInterfaceOrientationLandscapeLeft UIInterfaceOrientationLandscapeRight";
				LD_RUNPATH_SEARCH_PATHS = (
					"$(inherited)",
					"@executable_path/Frameworks",
				);
				MARKETING_VERSION = 1.0;
				PRODUCT_BUNDLE_IDENTIFIER = gab.personal.DigitalBuddy;
				PRODUCT_NAME = "$(TARGET_NAME)";
				SWIFT_EMIT_LOC_STRINGS = YES;
				SWIFT_VERSION = 5.0;
				TARGETED_DEVICE_FAMILY = "1,2";
			};
			name = Release;
		};
		4BDEE23B2CB18300005D5C40 /* Debug */ = {
			isa = XCBuildConfiguration;
			buildSettings = {
				ALWAYS_EMBED_SWIFT_STANDARD_LIBRARIES = YES;
				BUNDLE_LOADER = "$(TEST_HOST)";
				CODE_SIGN_STYLE = Automatic;
				CURRENT_PROJECT_VERSION = 1;
				DEVELOPMENT_TEAM = UCRT826FT5;
				GENERATE_INFOPLIST_FILE = YES;
				IPHONEOS_DEPLOYMENT_TARGET = 17.0;
				MARKETING_VERSION = 1.0;
				PRODUCT_BUNDLE_IDENTIFIER = gab.personal.DigitalBuddyTests;
				PRODUCT_NAME = "$(TARGET_NAME)";
				SWIFT_EMIT_LOC_STRINGS = NO;
				SWIFT_VERSION = 5.0;
				TARGETED_DEVICE_FAMILY = "1,2";
				TEST_HOST = "$(BUILT_PRODUCTS_DIR)/DigitalBuddy.app/$(BUNDLE_EXECUTABLE_FOLDER_PATH)/DigitalBuddy";
			};
			name = Debug;
		};
		4BDEE23C2CB18300005D5C40 /* Release */ = {
			isa = XCBuildConfiguration;
			buildSettings = {
				ALWAYS_EMBED_SWIFT_STANDARD_LIBRARIES = YES;
				BUNDLE_LOADER = "$(TEST_HOST)";
				CODE_SIGN_STYLE = Automatic;
				CURRENT_PROJECT_VERSION = 1;
				DEVELOPMENT_TEAM = UCRT826FT5;
				GENERATE_INFOPLIST_FILE = YES;
				IPHONEOS_DEPLOYMENT_TARGET = 17.0;
				MARKETING_VERSION = 1.0;
				PRODUCT_BUNDLE_IDENTIFIER = gab.personal.DigitalBuddyTests;
				PRODUCT_NAME = "$(TARGET_NAME)";
				SWIFT_EMIT_LOC_STRINGS = NO;
				SWIFT_VERSION = 5.0;
				TARGETED_DEVICE_FAMILY = "1,2";
				TEST_HOST = "$(BUILT_PRODUCTS_DIR)/DigitalBuddy.app/$(BUNDLE_EXECUTABLE_FOLDER_PATH)/DigitalBuddy";
			};
			name = Release;
		};
		4BDEE23E2CB18300005D5C40 /* Debug */ = {
			isa = XCBuildConfiguration;
			buildSettings = {
				ALWAYS_EMBED_SWIFT_STANDARD_LIBRARIES = YES;
				CODE_SIGN_STYLE = Automatic;
				CURRENT_PROJECT_VERSION = 1;
				DEVELOPMENT_TEAM = UCRT826FT5;
				GENERATE_INFOPLIST_FILE = YES;
				MARKETING_VERSION = 1.0;
				PRODUCT_BUNDLE_IDENTIFIER = gab.personal.DigitalBuddyUITests;
				PRODUCT_NAME = "$(TARGET_NAME)";
				SWIFT_EMIT_LOC_STRINGS = NO;
				SWIFT_VERSION = 5.0;
				TARGETED_DEVICE_FAMILY = "1,2";
				TEST_TARGET_NAME = DigitalBuddy;
			};
			name = Debug;
		};
		4BDEE23F2CB18300005D5C40 /* Release */ = {
			isa = XCBuildConfiguration;
			buildSettings = {
				ALWAYS_EMBED_SWIFT_STANDARD_LIBRARIES = YES;
				CODE_SIGN_STYLE = Automatic;
				CURRENT_PROJECT_VERSION = 1;
				DEVELOPMENT_TEAM = UCRT826FT5;
				GENERATE_INFOPLIST_FILE = YES;
				MARKETING_VERSION = 1.0;
				PRODUCT_BUNDLE_IDENTIFIER = gab.personal.DigitalBuddyUITests;
				PRODUCT_NAME = "$(TARGET_NAME)";
				SWIFT_EMIT_LOC_STRINGS = NO;
				SWIFT_VERSION = 5.0;
				TARGETED_DEVICE_FAMILY = "1,2";
				TEST_TARGET_NAME = DigitalBuddy;
			};
			name = Release;
		};
/* End XCBuildConfiguration section */

/* Begin XCConfigurationList section */
		4BDEE20E2CB182EE005D5C40 /* Build configuration list for PBXProject "DigitalBuddy" */ = {
			isa = XCConfigurationList;
			buildConfigurations = (
				4BDEE2352CB18300005D5C40 /* Debug */,
				4BDEE2362CB18300005D5C40 /* Release */,
			);
			defaultConfigurationIsVisible = 0;
			defaultConfigurationName = Release;
		};
		4BDEE2372CB18300005D5C40 /* Build configuration list for PBXNativeTarget "DigitalBuddy" */ = {
			isa = XCConfigurationList;
			buildConfigurations = (
				4BDEE2382CB18300005D5C40 /* Debug */,
				4BDEE2392CB18300005D5C40 /* Release */,
			);
			defaultConfigurationIsVisible = 0;
			defaultConfigurationName = Release;
		};
		4BDEE23A2CB18300005D5C40 /* Build configuration list for PBXNativeTarget "DigitalBuddyTests" */ = {
			isa = XCConfigurationList;
			buildConfigurations = (
				4BDEE23B2CB18300005D5C40 /* Debug */,
				4BDEE23C2CB18300005D5C40 /* Release */,
			);
			defaultConfigurationIsVisible = 0;
			defaultConfigurationName = Release;
		};
		4BDEE23D2CB18300005D5C40 /* Build configuration list for PBXNativeTarget "DigitalBuddyUITests" */ = {
			isa = XCConfigurationList;
			buildConfigurations = (
				4BDEE23E2CB18300005D5C40 /* Debug */,
				4BDEE23F2CB18300005D5C40 /* Release */,
			);
			defaultConfigurationIsVisible = 0;
			defaultConfigurationName = Release;
		};
/* End XCConfigurationList section */
	};
	rootObject = 4BDEE20B2CB182EE005D5C40 /* Project object */;
}
